
Microsoft Visual Studio Solution File, Format Version 12.00
# Visual Studio Version 17
VisualStudioVersion = 17.5.33414.496
MinimumVisualStudioVersion = 10.0.40219.1
Project("{9A19103F-16F7-4668-BE54-9A1E7A4F7556}") = "Algorithm", "Algorithm\Algorithm.csproj", "{D98D01F4-3F35-49D0-98F8-642C3AA9625A}"
EndProject
Project("{FAE04EC0-301F-11D3-BF4B-00C04F79EFBC}") = "AlgorithmTest", "AlgorithmTest\AlgorithmTest.csproj", "{2BC13D83-1275-4B9C-9EF3-E2272E698DCB}"
EndProject
Global
	GlobalSection(SolutionConfigurationPlatforms) = preSolution
		Debug|Any CPU = Debug|Any CPU
		Release|Any CPU = Release|Any CPU
	EndGlobalSection
	GlobalSection(ProjectConfigurationPlatforms) = postSolution
		{D98D01F4-3F35-49D0-98F8-642C3AA9625A}.Debug|Any CPU.ActiveCfg = Debug|Any CPU
		{D98D01F4-3F35-49D0-98F8-642C3AA9625A}.Debug|Any CPU.Build.0 = Debug|Any CPU
		{D98D01F4-3F35-49D0-98F8-642C3AA9625A}.Release|Any CPU.ActiveCfg = Release|Any CPU
		{D98D01F4-3F35-49D0-98F8-642C3AA9625A}.Release|Any CPU.Build.0 = Release|Any CPU
		{2BC13D83-1275-4B9C-9EF3-E2272E698DCB}.Debug|Any CPU.ActiveCfg = Debug|Any CPU
		{2BC13D83-1275-4B9C-9EF3-E2272E698DCB}.Debug|Any CPU.Build.0 = Debug|Any CPU
		{2BC13D83-1275-4B9C-9EF3-E2272E698DCB}.Release|Any CPU.ActiveCfg = Release|Any CPU
		{2BC13D83-1275-4B9C-9EF3-E2272E698DCB}.Release|Any CPU.Build.0 = Release|Any CPU
	EndGlobalSection
	GlobalSection(SolutionProperties) = preSolution
		HideSolutionNode = FALSE
	EndGlobalSection
	GlobalSection(ExtensibilityGlobals) = postSolution
		SolutionGuid = {3CDAEAAE-8FB1-4A56-9E80-2B573930782E}
	EndGlobalSection
EndGlobal
